
Microsoft Visual Studio Solution File, Format Version 12.00
# Visual Studio 15
VisualStudioVersion = 15.0.27428.2002
MinimumVisualStudioVersion = 10.0.40219.1
Project("{9A19103F-16F7-4668-BE54-9A1E7A4F7556}") = "ExperimentalIDE", "ExperimentalIDE\ExperimentalIDE.csproj", "{2D138EB9-3F65-4CB3-96B8-A6F847CDB240}"
EndProject
Project("{9A19103F-16F7-4668-BE54-9A1E7A4F7556}") = "FileIO", "Modules\FileIO\FileIO.csproj", "{56990A85-19FE-47C8-8BCE-393099D24CBB}"
EndProject
Project("{2150E333-8FDC-42A3-9474-1A3956D46DE8}") = "Modules", "Modules", "{EFAFFC66-47B4-47AF-94B4-132522747189}"
EndProject
Project("{9A19103F-16F7-4668-BE54-9A1E7A4F7556}") = "TemplateLoader", "Modules\TemplateLoader\TemplateLoader.csproj", "{75AA2BC6-DD27-4F52-A745-883B15438B7B}"
EndProject
Project("{2150E333-8FDC-42A3-9474-1A3956D46DE8}") = "Tests", "Tests", "{930562E8-2F0D-4A8D-BB90-BCDABFADB432}"
EndProject
Project("{9A19103F-16F7-4668-BE54-9A1E7A4F7556}") = "FileIO.Tests", "Tests\FileIO.Tests\FileIO.Tests.csproj", "{6CC0F07C-85D9-42D4-AF54-12B88A6955FB}"
EndProject
Project("{9A19103F-16F7-4668-BE54-9A1E7A4F7556}") = "TemplateLoader.Tests", "Tests\TemplateLoader.Tests\TemplateLoader.Tests.csproj", "{CDA6001A-E750-454A-8E7B-B99A64914B69}"
EndProject
Global
	GlobalSection(SolutionConfigurationPlatforms) = preSolution
		Debug|Any CPU = Debug|Any CPU
		Release|Any CPU = Release|Any CPU
	EndGlobalSection
	GlobalSection(ProjectConfigurationPlatforms) = postSolution
		{2D138EB9-3F65-4CB3-96B8-A6F847CDB240}.Debug|Any CPU.ActiveCfg = Debug|Any CPU
		{2D138EB9-3F65-4CB3-96B8-A6F847CDB240}.Debug|Any CPU.Build.0 = Debug|Any CPU
		{2D138EB9-3F65-4CB3-96B8-A6F847CDB240}.Release|Any CPU.ActiveCfg = Release|Any CPU
		{2D138EB9-3F65-4CB3-96B8-A6F847CDB240}.Release|Any CPU.Build.0 = Release|Any CPU
		{56990A85-19FE-47C8-8BCE-393099D24CBB}.Debug|Any CPU.ActiveCfg = Debug|Any CPU
		{56990A85-19FE-47C8-8BCE-393099D24CBB}.Debug|Any CPU.Build.0 = Debug|Any CPU
		{56990A85-19FE-47C8-8BCE-393099D24CBB}.Release|Any CPU.ActiveCfg = Release|Any CPU
		{56990A85-19FE-47C8-8BCE-393099D24CBB}.Release|Any CPU.Build.0 = Release|Any CPU
		{75AA2BC6-DD27-4F52-A745-883B15438B7B}.Debug|Any CPU.ActiveCfg = Debug|Any CPU
		{75AA2BC6-DD27-4F52-A745-883B15438B7B}.Debug|Any CPU.Build.0 = Debug|Any CPU
		{75AA2BC6-DD27-4F52-A745-883B15438B7B}.Release|Any CPU.ActiveCfg = Release|Any CPU
		{75AA2BC6-DD27-4F52-A745-883B15438B7B}.Release|Any CPU.Build.0 = Release|Any CPU
		{6CC0F07C-85D9-42D4-AF54-12B88A6955FB}.Debug|Any CPU.ActiveCfg = Debug|Any CPU
		{6CC0F07C-85D9-42D4-AF54-12B88A6955FB}.Debug|Any CPU.Build.0 = Debug|Any CPU
		{6CC0F07C-85D9-42D4-AF54-12B88A6955FB}.Release|Any CPU.ActiveCfg = Release|Any CPU
		{6CC0F07C-85D9-42D4-AF54-12B88A6955FB}.Release|Any CPU.Build.0 = Release|Any CPU
		{CDA6001A-E750-454A-8E7B-B99A64914B69}.Debug|Any CPU.ActiveCfg = Debug|Any CPU
		{CDA6001A-E750-454A-8E7B-B99A64914B69}.Debug|Any CPU.Build.0 = Debug|Any CPU
		{CDA6001A-E750-454A-8E7B-B99A64914B69}.Release|Any CPU.ActiveCfg = Release|Any CPU
		{CDA6001A-E750-454A-8E7B-B99A64914B69}.Release|Any CPU.Build.0 = Release|Any CPU
	EndGlobalSection
	GlobalSection(SolutionProperties) = preSolution
		HideSolutionNode = FALSE
	EndGlobalSection
	GlobalSection(NestedProjects) = preSolution
		{56990A85-19FE-47C8-8BCE-393099D24CBB} = {EFAFFC66-47B4-47AF-94B4-132522747189}
		{75AA2BC6-DD27-4F52-A745-883B15438B7B} = {EFAFFC66-47B4-47AF-94B4-132522747189}
		{6CC0F07C-85D9-42D4-AF54-12B88A6955FB} = {930562E8-2F0D-4A8D-BB90-BCDABFADB432}
		{CDA6001A-E750-454A-8E7B-B99A64914B69} = {930562E8-2F0D-4A8D-BB90-BCDABFADB432}
	EndGlobalSection
	GlobalSection(ExtensibilityGlobals) = postSolution
		SolutionGuid = {18963782-BBB0-4747-8CF3-7279479B1DB6}
	EndGlobalSection
EndGlobal
